# This file is automatically @generated by Cargo.
# It is not intended for manual editing.
version = 4

[[package]]
name = "engine-ai"
version = "0.0.0"

[[package]]
name = "engine-api"
version = "0.0.0"

[[package]]
name = "engine-asset"
version = "0.0.0"

[[package]]
name = "engine-audio"
version = "0.0.0"

[[package]]
name = "engine-core"
version = "0.0.0"

[[package]]
name = "engine-ecs-macro"
version = "0.0.0"

[[package]]
name = "engine-editor"
version = "0.0.0"

[[package]]
name = "engine-hub-core"
version = "0.0.0"

[[package]]
name = "engine-i18n"
version = "0.0.0"

[[package]]
name = "engine-math"
version = "0.0.0"

[[package]]
name = "engine-net"
version = "0.0.0"

[[package]]
name = "engine-physics"
version = "0.0.0"

[[package]]
name = "engine-platform"
version = "0.0.0"

[[package]]
name = "engine-plugin-api"
version = "0.0.0"

[[package]]
name = "engine-raster"
version = "0.0.0"

[[package]]
name = "engine-reflect"
version = "0.0.0"

[[package]]
name = "engine-render"
version = "0.0.0"

[[package]]
name = "engine-script"
version = "0.0.0"

[[package]]
name = "engine-telemetry"
version = "0.0.0"

[[package]]
name = "engine-ui"
version = "0.0.0"
